{
  "name": "esbuild-gas-plugin",
  "version": "0.6.0",
  "lockfileVersion": 2,
  "requires": true,
  "packages": {
    "": {
      "name": "esbuild-gas-plugin",
      "version": "0.6.0",
      "license": "MIT",
      "dependencies": {
        "gas-entry-generator": "^2.1.0"
      },
      "devDependencies": {
        "@types/node": "^16.7.1",
        "esbuild": "^0.18.4",
        "typescript": "^4.3.5"
      }
    },
    "node_modules/@esbuild/android-arm": {
      "version": "0.18.4",
      "resolved": "https://registry.npmjs.org/@esbuild/android-arm/-/android-arm-0.18.4.tgz",
      "integrity": "sha512-yKmQC9IiuvHdsNEbPHSprnMHg6OhL1cSeQZLzPpgzJBJ9ppEg9GAZN8MKj1TcmB4tZZUrq5xjK7KCmhwZP8iDA==",
      "cpu": [
        "arm"
      ],
      "dev": true,
      "optional": true,
      "os": [
        "android"
      ],
      "engines": {
        "node": ">=12"
      }
    },
    "node_modules/@esbuild/android-arm64": {
      "version": "0.18.4",
      "resolved": "https://registry.npmjs.org/@esbuild/android-arm64/-/android-arm64-0.18.4.tgz",
      "integrity": "sha512-yQVgO+V307hA2XhzELQ6F91CBGX7gSnlVGAj5YIqjQOxThDpM7fOcHT2YLJbE6gNdPtgRSafQrsK8rJ9xHCaZg==",
      "cpu": [
        "arm64"
      ],
      "dev": true,
      "optional": true,
      "os": [
        "android"
      ],
      "engines": {
        "node": ">=12"
      }
    },
    "node_modules/@esbuild/android-x64": {
      "version": "0.18.4",
      "resolved": "https://registry.npmjs.org/@esbuild/android-x64/-/android-x64-0.18.4.tgz",
      "integrity": "sha512-yLKXMxQg6sk1ntftxQ5uwyVgG4/S2E7UoOCc5N4YZW7fdkfRiYEXqm7CMuIfY2Vs3FTrNyKmSfNevIuIvJnMww==",
      "cpu": [
        "x64"
      ],
      "dev": true,
      "optional": true,
      "os": [
        "android"
      ],
      "engines": {
        "node": ">=12"
      }
    },
    "node_modules/@esbuild/darwin-arm64": {
      "version": "0.18.4",
      "resolved": "https://registry.npmjs.org/@esbuild/darwin-arm64/-/darwin-arm64-0.18.4.tgz",
      "integrity": "sha512-MVPEoZjZpk2xQ1zckZrb8eQuQib+QCzdmMs3YZAYEQPg+Rztk5pUxGyk8htZOC8Z38NMM29W+MqY9Sqo/sDGKw==",
      "cpu": [
        "arm64"
      ],
      "dev": true,
      "optional": true,
      "os": [
        "darwin"
      ],
      "engines": {
        "node": ">=12"
      }
    },
    "node_modules/@esbuild/darwin-x64": {
      "version": "0.18.4",
      "resolved": "https://registry.npmjs.org/@esbuild/darwin-x64/-/darwin-x64-0.18.4.tgz",
      "integrity": "sha512-uEsRtYRUDsz7i2tXg/t/SyF+5gU1cvi9B6B8i5ebJgtUUHJYWyIPIesmIOL4/+bywjxsDMA/XrNFMgMffLnh5A==",
      "cpu": [
        "x64"
      ],
      "dev": true,
      "optional": true,
      "os": [
        "darwin"
      ],
      "engines": {
        "node": ">=12"
      }
    },
    "node_modules/@esbuild/freebsd-arm64": {
      "version": "0.18.4",
      "resolved": "https://registry.npmjs.org/@esbuild/freebsd-arm64/-/freebsd-arm64-0.18.4.tgz",
      "integrity": "sha512-I8EOigqWnOHRin6Zp5Y1cfH3oT54bd7Sdz/VnpUNksbOtfp8IWRTH4pgkgO5jWaRQPjCpJcOpdRjYAMjPt8wXg==",
      "cpu": [
        "arm64"
      ],
      "dev": true,
      "optional": true,
      "os": [
        "freebsd"
      ],
      "engines": {
        "node": ">=12"
      }
    },
    "node_modules/@esbuild/freebsd-x64": {
      "version": "0.18.4",
      "resolved": "https://registry.npmjs.org/@esbuild/freebsd-x64/-/freebsd-x64-0.18.4.tgz",
      "integrity": "sha512-1bHfgMz/cNMjbpsYxjVgMJ1iwKq+NdDPlACBrWULD7ZdFmBQrhMicMaKb5CdmdVyvIwXmasOuF4r6Iq574kUTA==",
      "cpu": [
        "x64"
      ],
      "dev": true,
      "optional": true,
      "os": [
        "freebsd"
      ],
      "engines": {
        "node": ">=12"
      }
    },
    "node_modules/@esbuild/linux-arm": {
      "version": "0.18.4",
      "resolved": "https://registry.npmjs.org/@esbuild/linux-arm/-/linux-arm-0.18.4.tgz",
      "integrity": "sha512-4XCGqM/Ay1LCXUBH59bL4JbSbbTK1K22dWHymWMGaEh2sQCDOUw+OQxozYV/YdBb91leK2NbuSrE2BRamwgaYw==",
      "cpu": [
        "arm"
      ],
      "dev": true,
      "optional": true,
      "os": [
        "linux"
      ],
      "engines": {
        "node": ">=12"
      }
    },
    "node_modules/@esbuild/linux-arm64": {
      "version": "0.18.4",
      "resolved": "https://registry.npmjs.org/@esbuild/linux-arm64/-/linux-arm64-0.18.4.tgz",
      "integrity": "sha512-J42vLHaYREyiBwH0eQE4/7H1DTfZx8FuxyWSictx4d7ezzuKE3XOkIvOg+SQzRz7T9HLVKzq2tvbAov4UfufBw==",
      "cpu": [
        "arm64"
      ],
      "dev": true,
      "optional": true,
      "os": [
        "linux"
      ],
      "engines": {
        "node": ">=12"
      }
    },
    "node_modules/@esbuild/linux-ia32": {
      "version": "0.18.4",
      "resolved": "https://registry.npmjs.org/@esbuild/linux-ia32/-/linux-ia32-0.18.4.tgz",
      "integrity": "sha512-4ksIqFwhq7OExty7Sl1n0vqQSCqTG4sU6i99G2yuMr28CEOUZ/60N+IO9hwI8sIxBqmKmDgncE1n5CMu/3m0IA==",
      "cpu": [
        "ia32"
      ],
      "dev": true,
      "optional": true,
      "os": [
        "linux"
      ],
      "engines": {
        "node": ">=12"
      }
    },
    "node_modules/@esbuild/linux-loong64": {
      "version": "0.18.4",
      "resolved": "https://registry.npmjs.org/@esbuild/linux-loong64/-/linux-loong64-0.18.4.tgz",
      "integrity": "sha512-bsWtoVHkGQgAsFXioDueXRiUIfSGrVkJjBBz4gcBJxXcD461cWFQFyu8Fxdj9TP+zEeqJ8C/O4LFFMBNi6Fscw==",
      "cpu": [
        "loong64"
      ],
      "dev": true,
      "optional": true,
      "os": [
        "linux"
      ],
      "engines": {
        "node": ">=12"
      }
    },
    "node_modules/@esbuild/linux-mips64el": {
      "version": "0.18.4",
      "resolved": "https://registry.npmjs.org/@esbuild/linux-mips64el/-/linux-mips64el-0.18.4.tgz",
      "integrity": "sha512-LRD9Fu8wJQgIOOV1o3nRyzrheFYjxA0C1IVWZ93eNRRWBKgarYFejd5WBtrp43cE4y4D4t3qWWyklm73Mrsd/g==",
      "cpu": [
        "mips64el"
      ],
      "dev": true,
      "optional": true,
      "os": [
        "linux"
      ],
      "engines": {
        "node": ">=12"
      }
    },
    "node_modules/@esbuild/linux-ppc64": {
      "version": "0.18.4",
      "resolved": "https://registry.npmjs.org/@esbuild/linux-ppc64/-/linux-ppc64-0.18.4.tgz",
      "integrity": "sha512-jtQgoZjM92gauVRxNaaG/TpL3Pr4WcL3Pwqi9QgdrBGrEXzB+twohQiWNSTycs6lUygakos4mm2h0B9/SHveng==",
      "cpu": [
        "ppc64"
      ],
      "dev": true,
      "optional": true,
      "os": [
        "linux"
      ],
      "engines": {
        "node": ">=12"
      }
    },
    "node_modules/@esbuild/linux-riscv64": {
      "version": "0.18.4",
      "resolved": "https://registry.npmjs.org/@esbuild/linux-riscv64/-/linux-riscv64-0.18.4.tgz",
      "integrity": "sha512-7WaU/kRZG0VCV09Xdlkg6LNAsfU9SAxo6XEdaZ8ffO4lh+DZoAhGTx7+vTMOXKxa+r2w1LYDGxfJa2rcgagMRA==",
      "cpu": [
        "riscv64"
      ],
      "dev": true,
      "optional": true,
      "os": [
        "linux"
      ],
      "engines": {
        "node": ">=12"
      }
    },
    "node_modules/@esbuild/linux-s390x": {
      "version": "0.18.4",
      "resolved": "https://registry.npmjs.org/@esbuild/linux-s390x/-/linux-s390x-0.18.4.tgz",
      "integrity": "sha512-D19ed0xreKQvC5t+ArE2njSnm18WPpE+1fhwaiJHf+Xwqsq+/SUaV8Mx0M27nszdU+Atq1HahrgCOZCNNEASUg==",
      "cpu": [
        "s390x"
      ],
      "dev": true,
      "optional": true,
      "os": [
        "linux"
      ],
      "engines": {
        "node": ">=12"
      }
    },
    "node_modules/@esbuild/linux-x64": {
      "version": "0.18.4",
      "resolved": "https://registry.npmjs.org/@esbuild/linux-x64/-/linux-x64-0.18.4.tgz",
      "integrity": "sha512-Rx3AY1sxyiO/gvCGP00nL69L60dfmWyjKWY06ugpB8Ydpdsfi3BHW58HWC24K3CAjAPSwxcajozC2PzA9JBS1g==",
      "cpu": [
        "x64"
      ],
      "dev": true,
      "optional": true,
      "os": [
        "linux"
      ],
      "engines": {
        "node": ">=12"
      }
    },
    "node_modules/@esbuild/netbsd-x64": {
      "version": "0.18.4",
      "resolved": "https://registry.npmjs.org/@esbuild/netbsd-x64/-/netbsd-x64-0.18.4.tgz",
      "integrity": "sha512-AaShPmN9c6w1mKRpliKFlaWcSkpBT4KOlk93UfFgeI3F3cbjzdDKGsbKnOZozmYbE1izZKLmNJiW0sFM+A5JPA==",
      "cpu": [
        "x64"
      ],
      "dev": true,
      "optional": true,
      "os": [
        "netbsd"
      ],
      "engines": {
        "node": ">=12"
      }
    },
    "node_modules/@esbuild/openbsd-x64": {
      "version": "0.18.4",
      "resolved": "https://registry.npmjs.org/@esbuild/openbsd-x64/-/openbsd-x64-0.18.4.tgz",
      "integrity": "sha512-tRGvGwou3BrvHVvF8HxTqEiC5VtPzySudS9fh2jBIKpLX7HCW8jIkW+LunkFDNwhslx4xMAgh0jAHsx/iCymaQ==",
      "cpu": [
        "x64"
      ],
      "dev": true,
      "optional": true,
      "os": [
        "openbsd"
      ],
      "engines": {
        "node": ">=12"
      }
    },
    "node_modules/@esbuild/sunos-x64": {
      "version": "0.18.4",
      "resolved": "https://registry.npmjs.org/@esbuild/sunos-x64/-/sunos-x64-0.18.4.tgz",
      "integrity": "sha512-acORFDI95GKhmAnlH8EarBeuqoy/j3yxIU+FDB91H3+ZON+8HhTadtT450YkaMzX6lEWbhi+mjVUCj00M5yyOQ==",
      "cpu": [
        "x64"
      ],
      "dev": true,
      "optional": true,
      "os": [
        "sunos"
      ],
      "engines": {
        "node": ">=12"
      }
    },
    "node_modules/@esbuild/win32-arm64": {
      "version": "0.18.4",
      "resolved": "https://registry.npmjs.org/@esbuild/win32-arm64/-/win32-arm64-0.18.4.tgz",
      "integrity": "sha512-1NxP+iOk8KSvS1L9SSxEvBAJk39U0GiGZkiiJGbuDF9G4fG7DSDw6XLxZMecAgmvQrwwx7yVKdNN3GgNh0UfKg==",
      "cpu": [
        "arm64"
      ],
      "dev": true,
      "optional": true,
      "os": [
        "win32"
      ],
      "engines": {
        "node": ">=12"
      }
    },
    "node_modules/@esbuild/win32-ia32": {
      "version": "0.18.4",
      "resolved": "https://registry.npmjs.org/@esbuild/win32-ia32/-/win32-ia32-0.18.4.tgz",
      "integrity": "sha512-OKr8jze93vbgqZ/r23woWciTixUwLa976C9W7yNBujtnVHyvsL/ocYG61tsktUfJOpyIz5TsohkBZ6Lo2+PCcQ==",
      "cpu": [
        "ia32"
      ],
      "dev": true,
      "optional": true,
      "os": [
        "win32"
      ],
      "engines": {
        "node": ">=12"
      }
    },
    "node_modules/@esbuild/win32-x64": {
      "version": "0.18.4",
      "resolved": "https://registry.npmjs.org/@esbuild/win32-x64/-/win32-x64-0.18.4.tgz",
      "integrity": "sha512-qJr3wVvcLjPFcV4AMDS3iquhBfTef2zo/jlm8RMxmiRp3Vy2HY8WMxrykJlcbCnqLXZPA0YZxZGND6eug85ogg==",
      "cpu": [
        "x64"
      ],
      "dev": true,
      "optional": true,
      "os": [
        "win32"
      ],
      "engines": {
        "node": ">=12"
      }
    },
    "node_modules/@types/node": {
      "version": "16.7.1",
      "resolved": "https://registry.npmjs.org/@types/node/-/node-16.7.1.tgz",
      "integrity": "sha512-ncRdc45SoYJ2H4eWU9ReDfp3vtFqDYhjOsKlFFUDEn8V1Bgr2RjYal8YT5byfadWIRluhPFU6JiDOl0H6Sl87A==",
      "dev": true
    },
    "node_modules/deep-is": {
      "version": "0.1.3",
      "resolved": "https://registry.npmjs.org/deep-is/-/deep-is-0.1.3.tgz",
      "integrity": "sha1-s2nW+128E+7PUk+RsHD+7cNXzzQ="
    },
    "node_modules/esbuild": {
      "version": "0.18.4",
      "resolved": "https://registry.npmjs.org/esbuild/-/esbuild-0.18.4.tgz",
      "integrity": "sha512-9rxWV/Cb2DMUXfe9aUsYtqg0KTlw146ElFH22kYeK9KVV1qT082X4lpmiKsa12ePiCcIcB686TQJxaGAa9TFvA==",
      "dev": true,
      "hasInstallScript": true,
      "bin": {
        "esbuild": "bin/esbuild"
      },
      "engines": {
        "node": ">=12"
      },
      "optionalDependencies": {
        "@esbuild/android-arm": "0.18.4",
        "@esbuild/android-arm64": "0.18.4",
        "@esbuild/android-x64": "0.18.4",
        "@esbuild/darwin-arm64": "0.18.4",
        "@esbuild/darwin-x64": "0.18.4",
        "@esbuild/freebsd-arm64": "0.18.4",
        "@esbuild/freebsd-x64": "0.18.4",
        "@esbuild/linux-arm": "0.18.4",
        "@esbuild/linux-arm64": "0.18.4",
        "@esbuild/linux-ia32": "0.18.4",
        "@esbuild/linux-loong64": "0.18.4",
        "@esbuild/linux-mips64el": "0.18.4",
        "@esbuild/linux-ppc64": "0.18.4",
        "@esbuild/linux-riscv64": "0.18.4",
        "@esbuild/linux-s390x": "0.18.4",
        "@esbuild/linux-x64": "0.18.4",
        "@esbuild/netbsd-x64": "0.18.4",
        "@esbuild/openbsd-x64": "0.18.4",
        "@esbuild/sunos-x64": "0.18.4",
        "@esbuild/win32-arm64": "0.18.4",
        "@esbuild/win32-ia32": "0.18.4",
        "@esbuild/win32-x64": "0.18.4"
      }
    },
    "node_modules/escodegen": {
      "version": "2.0.0",
      "resolved": "https://registry.npmjs.org/escodegen/-/escodegen-2.0.0.tgz",
      "integrity": "sha512-mmHKys/C8BFUGI+MAWNcSYoORYLMdPzjrknd2Vc+bUsjN5bXcr8EhrNB+UTqfL1y3I9c4fw2ihgtMPQLBRiQxw==",
      "dependencies": {
        "esprima": "^4.0.1",
        "estraverse": "^5.2.0",
        "esutils": "^2.0.2",
        "optionator": "^0.8.1"
      },
      "bin": {
        "escodegen": "bin/escodegen.js",
        "esgenerate": "bin/esgenerate.js"
      },
      "engines": {
        "node": ">=6.0"
      },
      "optionalDependencies": {
        "source-map": "~0.6.1"
      }
    },
    "node_modules/esprima": {
      "version": "4.0.1",
      "resolved": "https://registry.npmjs.org/esprima/-/esprima-4.0.1.tgz",
      "integrity": "sha512-eGuFFw7Upda+g4p+QHvnW0RyTX/SVeJBDM/gCtMARO0cLuT2HcEKnTPvhjV6aGeqrCB/sbNop0Kszm0jsaWU4A==",
      "bin": {
        "esparse": "bin/esparse.js",
        "esvalidate": "bin/esvalidate.js"
      },
      "engines": {
        "node": ">=4"
      }
    },
    "node_modules/estraverse": {
      "version": "5.2.0",
      "resolved": "https://registry.npmjs.org/estraverse/-/estraverse-5.2.0.tgz",
      "integrity": "sha512-BxbNGGNm0RyRYvUdHpIwv9IWzeM9XClbOxwoATuFdOE7ZE6wHL+HQ5T8hoPM+zHvmKzzsEqhgy0GrQ5X13afiQ==",
      "engines": {
        "node": ">=4.0"
      }
    },
    "node_modules/esutils": {
      "version": "2.0.3",
      "resolved": "https://registry.npmjs.org/esutils/-/esutils-2.0.3.tgz",
      "integrity": "sha512-kVscqXk4OCp68SZ0dkgEKVi6/8ij300KBWTJq32P/dYeWTSwK41WyTxalN1eRmA5Z9UU/LX9D7FWSmV9SAYx6g==",
      "engines": {
        "node": ">=0.10.0"
      }
    },
    "node_modules/fast-levenshtein": {
      "version": "2.0.6",
      "resolved": "https://registry.npmjs.org/fast-levenshtein/-/fast-levenshtein-2.0.6.tgz",
      "integrity": "sha1-PYpcZog6FqMMqGQ+hR8Zuqd5eRc="
    },
    "node_modules/gas-entry-generator": {
      "version": "2.1.0",
      "resolved": "https://registry.npmjs.org/gas-entry-generator/-/gas-entry-generator-2.1.0.tgz",
      "integrity": "sha512-IjbVuMjXlRP1zIJJGgSyOb5SjlVxnAdtLDp+aCdXNuZBg7OuD10WVtkJSCcf33VXcPe4AqWb8z+ucsXZMClsAA==",
      "dependencies": {
        "escodegen": "2.0.0",
        "esprima": "4.0.1",
        "estraverse": "5.2.0"
      }
    },
    "node_modules/levn": {
      "version": "0.3.0",
      "resolved": "https://registry.npmjs.org/levn/-/levn-0.3.0.tgz",
      "integrity": "sha1-OwmSTt+fCDwEkP3UwLxEIeBHZO4=",
      "dependencies": {
        "prelude-ls": "~1.1.2",
        "type-check": "~0.3.2"
      },
      "engines": {
        "node": ">= 0.8.0"
      }
    },
    "node_modules/optionator": {
      "version": "0.8.3",
      "resolved": "https://registry.npmjs.org/optionator/-/optionator-0.8.3.tgz",
      "integrity": "sha512-+IW9pACdk3XWmmTXG8m3upGUJst5XRGzxMRjXzAuJ1XnIFNvfhjjIuYkDvysnPQ7qzqVzLt78BCruntqRhWQbA==",
      "dependencies": {
        "deep-is": "~0.1.3",
        "fast-levenshtein": "~2.0.6",
        "levn": "~0.3.0",
        "prelude-ls": "~1.1.2",
        "type-check": "~0.3.2",
        "word-wrap": "~1.2.3"
      },
      "engines": {
        "node": ">= 0.8.0"
      }
    },
    "node_modules/prelude-ls": {
      "version": "1.1.2",
      "resolved": "https://registry.npmjs.org/prelude-ls/-/prelude-ls-1.1.2.tgz",
      "integrity": "sha1-IZMqVJ9eUv/ZqCf1cOBL5iqX2lQ=",
      "engines": {
        "node": ">= 0.8.0"
      }
    },
    "node_modules/source-map": {
      "version": "0.6.1",
      "resolved": "https://registry.npmjs.org/source-map/-/source-map-0.6.1.tgz",
      "integrity": "sha512-UjgapumWlbMhkBgzT7Ykc5YXUT46F0iKu8SGXq0bcwP5dz/h0Plj6enJqjz1Zbq2l5WaqYnrVbwWOWMyF3F47g==",
      "optional": true,
      "engines": {
        "node": ">=0.10.0"
      }
    },
    "node_modules/type-check": {
      "version": "0.3.2",
      "resolved": "https://registry.npmjs.org/type-check/-/type-check-0.3.2.tgz",
      "integrity": "sha1-WITKtRLPHTVeP7eE8wgEsrUg23I=",
      "dependencies": {
        "prelude-ls": "~1.1.2"
      },
      "engines": {
        "node": ">= 0.8.0"
      }
    },
    "node_modules/typescript": {
      "version": "4.3.5",
      "resolved": "https://registry.npmjs.org/typescript/-/typescript-4.3.5.tgz",
      "integrity": "sha512-DqQgihaQ9cUrskJo9kIyW/+g0Vxsk8cDtZ52a3NGh0YNTfpUSArXSohyUGnvbPazEPLu398C0UxmKSOrPumUzA==",
      "dev": true,
      "bin": {
        "tsc": "bin/tsc",
        "tsserver": "bin/tsserver"
      },
      "engines": {
        "node": ">=4.2.0"
      }
    },
    "node_modules/word-wrap": {
      "version": "1.2.3",
      "resolved": "https://registry.npmjs.org/word-wrap/-/word-wrap-1.2.3.tgz",
      "integrity": "sha512-Hz/mrNwitNRh/HUAtM/VT/5VH+ygD6DV7mYKZAtHOrbs8U7lvPS6xf7EJKMF0uW1KJCl0H701g3ZGus+muE5vQ==",
      "engines": {
        "node": ">=0.10.0"
      }
    }
  },
  "dependencies": {
    "@esbuild/android-arm": {
      "version": "0.18.4",
      "resolved": "https://registry.npmjs.org/@esbuild/android-arm/-/android-arm-0.18.4.tgz",
      "integrity": "sha512-yKmQC9IiuvHdsNEbPHSprnMHg6OhL1cSeQZLzPpgzJBJ9ppEg9GAZN8MKj1TcmB4tZZUrq5xjK7KCmhwZP8iDA==",
      "dev": true,
      "optional": true
    },
    "@esbuild/android-arm64": {
      "version": "0.18.4",
      "resolved": "https://registry.npmjs.org/@esbuild/android-arm64/-/android-arm64-0.18.4.tgz",
      "integrity": "sha512-yQVgO+V307hA2XhzELQ6F91CBGX7gSnlVGAj5YIqjQOxThDpM7fOcHT2YLJbE6gNdPtgRSafQrsK8rJ9xHCaZg==",
      "dev": true,
      "optional": true
    },
    "@esbuild/android-x64": {
      "version": "0.18.4",
      "resolved": "https://registry.npmjs.org/@esbuild/android-x64/-/android-x64-0.18.4.tgz",
      "integrity": "sha512-yLKXMxQg6sk1ntftxQ5uwyVgG4/S2E7UoOCc5N4YZW7fdkfRiYEXqm7CMuIfY2Vs3FTrNyKmSfNevIuIvJnMww==",
      "dev": true,
      "optional": true
    },
    "@esbuild/darwin-arm64": {
      "version": "0.18.4",
      "resolved": "https://registry.npmjs.org/@esbuild/darwin-arm64/-/darwin-arm64-0.18.4.tgz",
      "integrity": "sha512-MVPEoZjZpk2xQ1zckZrb8eQuQib+QCzdmMs3YZAYEQPg+Rztk5pUxGyk8htZOC8Z38NMM29W+MqY9Sqo/sDGKw==",
      "dev": true,
      "optional": true
    },
    "@esbuild/darwin-x64": {
      "version": "0.18.4",
      "resolved": "https://registry.npmjs.org/@esbuild/darwin-x64/-/darwin-x64-0.18.4.tgz",
      "integrity": "sha512-uEsRtYRUDsz7i2tXg/t/SyF+5gU1cvi9B6B8i5ebJgtUUHJYWyIPIesmIOL4/+bywjxsDMA/XrNFMgMffLnh5A==",
      "dev": true,
      "optional": true
    },
    "@esbuild/freebsd-arm64": {
      "version": "0.18.4",
      "resolved": "https://registry.npmjs.org/@esbuild/freebsd-arm64/-/freebsd-arm64-0.18.4.tgz",
      "integrity": "sha512-I8EOigqWnOHRin6Zp5Y1cfH3oT54bd7Sdz/VnpUNksbOtfp8IWRTH4pgkgO5jWaRQPjCpJcOpdRjYAMjPt8wXg==",
      "dev": true,
      "optional": true
    },
    "@esbuild/freebsd-x64": {
      "version": "0.18.4",
      "resolved": "https://registry.npmjs.org/@esbuild/freebsd-x64/-/freebsd-x64-0.18.4.tgz",
      "integrity": "sha512-1bHfgMz/cNMjbpsYxjVgMJ1iwKq+NdDPlACBrWULD7ZdFmBQrhMicMaKb5CdmdVyvIwXmasOuF4r6Iq574kUTA==",
      "dev": true,
      "optional": true
    },
    "@esbuild/linux-arm": {
      "version": "0.18.4",
      "resolved": "https://registry.npmjs.org/@esbuild/linux-arm/-/linux-arm-0.18.4.tgz",
      "integrity": "sha512-4XCGqM/Ay1LCXUBH59bL4JbSbbTK1K22dWHymWMGaEh2sQCDOUw+OQxozYV/YdBb91leK2NbuSrE2BRamwgaYw==",
      "dev": true,
      "optional": true
    },
    "@esbuild/linux-arm64": {
      "version": "0.18.4",
      "resolved": "https://registry.npmjs.org/@esbuild/linux-arm64/-/linux-arm64-0.18.4.tgz",
      "integrity": "sha512-J42vLHaYREyiBwH0eQE4/7H1DTfZx8FuxyWSictx4d7ezzuKE3XOkIvOg+SQzRz7T9HLVKzq2tvbAov4UfufBw==",
      "dev": true,
      "optional": true
    },
    "@esbuild/linux-ia32": {
      "version": "0.18.4",
      "resolved": "https://registry.npmjs.org/@esbuild/linux-ia32/-/linux-ia32-0.18.4.tgz",
      "integrity": "sha512-4ksIqFwhq7OExty7Sl1n0vqQSCqTG4sU6i99G2yuMr28CEOUZ/60N+IO9hwI8sIxBqmKmDgncE1n5CMu/3m0IA==",
      "dev": true,
      "optional": true
    },
    "@esbuild/linux-loong64": {
      "version": "0.18.4",
      "resolved": "https://registry.npmjs.org/@esbuild/linux-loong64/-/linux-loong64-0.18.4.tgz",
      "integrity": "sha512-bsWtoVHkGQgAsFXioDueXRiUIfSGrVkJjBBz4gcBJxXcD461cWFQFyu8Fxdj9TP+zEeqJ8C/O4LFFMBNi6Fscw==",
      "dev": true,
      "optional": true
    },
    "@esbuild/linux-mips64el": {
      "version": "0.18.4",
      "resolved": "https://registry.npmjs.org/@esbuild/linux-mips64el/-/linux-mips64el-0.18.4.tgz",
      "integrity": "sha512-LRD9Fu8wJQgIOOV1o3nRyzrheFYjxA0C1IVWZ93eNRRWBKgarYFejd5WBtrp43cE4y4D4t3qWWyklm73Mrsd/g==",
      "dev": true,
      "optional": true
    },
    "@esbuild/linux-ppc64": {
      "version": "0.18.4",
      "resolved": "https://registry.npmjs.org/@esbuild/linux-ppc64/-/linux-ppc64-0.18.4.tgz",
      "integrity": "sha512-jtQgoZjM92gauVRxNaaG/TpL3Pr4WcL3Pwqi9QgdrBGrEXzB+twohQiWNSTycs6lUygakos4mm2h0B9/SHveng==",
      "dev": true,
      "optional": true
    },
    "@esbuild/linux-riscv64": {
      "version": "0.18.4",
      "resolved": "https://registry.npmjs.org/@esbuild/linux-riscv64/-/linux-riscv64-0.18.4.tgz",
      "integrity": "sha512-7WaU/kRZG0VCV09Xdlkg6LNAsfU9SAxo6XEdaZ8ffO4lh+DZoAhGTx7+vTMOXKxa+r2w1LYDGxfJa2rcgagMRA==",
      "dev": true,
      "optional": true
    },
    "@esbuild/linux-s390x": {
      "version": "0.18.4",
      "resolved": "https://registry.npmjs.org/@esbuild/linux-s390x/-/linux-s390x-0.18.4.tgz",
      "integrity": "sha512-D19ed0xreKQvC5t+ArE2njSnm18WPpE+1fhwaiJHf+Xwqsq+/SUaV8Mx0M27nszdU+Atq1HahrgCOZCNNEASUg==",
      "dev": true,
      "optional": true
    },
    "@esbuild/linux-x64": {
      "version": "0.18.4",
      "resolved": "https://registry.npmjs.org/@esbuild/linux-x64/-/linux-x64-0.18.4.tgz",
      "integrity": "sha512-Rx3AY1sxyiO/gvCGP00nL69L60dfmWyjKWY06ugpB8Ydpdsfi3BHW58HWC24K3CAjAPSwxcajozC2PzA9JBS1g==",
      "dev": true,
      "optional": true
    },
    "@esbuild/netbsd-x64": {
      "version": "0.18.4",
      "resolved": "https://registry.npmjs.org/@esbuild/netbsd-x64/-/netbsd-x64-0.18.4.tgz",
      "integrity": "sha512-AaShPmN9c6w1mKRpliKFlaWcSkpBT4KOlk93UfFgeI3F3cbjzdDKGsbKnOZozmYbE1izZKLmNJiW0sFM+A5JPA==",
      "dev": true,
      "optional": true
    },
    "@esbuild/openbsd-x64": {
      "version": "0.18.4",
      "resolved": "https://registry.npmjs.org/@esbuild/openbsd-x64/-/openbsd-x64-0.18.4.tgz",
      "integrity": "sha512-tRGvGwou3BrvHVvF8HxTqEiC5VtPzySudS9fh2jBIKpLX7HCW8jIkW+LunkFDNwhslx4xMAgh0jAHsx/iCymaQ==",
      "dev": true,
      "optional": true
    },
    "@esbuild/sunos-x64": {
      "version": "0.18.4",
      "resolved": "https://registry.npmjs.org/@esbuild/sunos-x64/-/sunos-x64-0.18.4.tgz",
      "integrity": "sha512-acORFDI95GKhmAnlH8EarBeuqoy/j3yxIU+FDB91H3+ZON+8HhTadtT450YkaMzX6lEWbhi+mjVUCj00M5yyOQ==",
      "dev": true,
      "optional": true
    },
    "@esbuild/win32-arm64": {
      "version": "0.18.4",
      "resolved": "https://registry.npmjs.org/@esbuild/win32-arm64/-/win32-arm64-0.18.4.tgz",
      "integrity": "sha512-1NxP+iOk8KSvS1L9SSxEvBAJk39U0GiGZkiiJGbuDF9G4fG7DSDw6XLxZMecAgmvQrwwx7yVKdNN3GgNh0UfKg==",
      "dev": true,
      "optional": true
    },
    "@esbuild/win32-ia32": {
      "version": "0.18.4",
      "resolved": "https://registry.npmjs.org/@esbuild/win32-ia32/-/win32-ia32-0.18.4.tgz",
      "integrity": "sha512-OKr8jze93vbgqZ/r23woWciTixUwLa976C9W7yNBujtnVHyvsL/ocYG61tsktUfJOpyIz5TsohkBZ6Lo2+PCcQ==",
      "dev": true,
      "optional": true
    },
    "@esbuild/win32-x64": {
      "version": "0.18.4",
      "resolved": "https://registry.npmjs.org/@esbuild/win32-x64/-/win32-x64-0.18.4.tgz",
      "integrity": "sha512-qJr3wVvcLjPFcV4AMDS3iquhBfTef2zo/jlm8RMxmiRp3Vy2HY8WMxrykJlcbCnqLXZPA0YZxZGND6eug85ogg==",
      "dev": true,
      "optional": true
    },
    "@types/node": {
      "version": "16.7.1",
      "resolved": "https://registry.npmjs.org/@types/node/-/node-16.7.1.tgz",
      "integrity": "sha512-ncRdc45SoYJ2H4eWU9ReDfp3vtFqDYhjOsKlFFUDEn8V1Bgr2RjYal8YT5byfadWIRluhPFU6JiDOl0H6Sl87A==",
      "dev": true
    },
    "deep-is": {
      "version": "0.1.3",
      "resolved": "https://registry.npmjs.org/deep-is/-/deep-is-0.1.3.tgz",
      "integrity": "sha1-s2nW+128E+7PUk+RsHD+7cNXzzQ="
    },
    "esbuild": {
      "version": "0.18.4",
      "resolved": "https://registry.npmjs.org/esbuild/-/esbuild-0.18.4.tgz",
      "integrity": "sha512-9rxWV/Cb2DMUXfe9aUsYtqg0KTlw146ElFH22kYeK9KVV1qT082X4lpmiKsa12ePiCcIcB686TQJxaGAa9TFvA==",
      "dev": true,
      "requires": {
        "@esbuild/android-arm": "0.18.4",
        "@esbuild/android-arm64": "0.18.4",
        "@esbuild/android-x64": "0.18.4",
        "@esbuild/darwin-arm64": "0.18.4",
        "@esbuild/darwin-x64": "0.18.4",
        "@esbuild/freebsd-arm64": "0.18.4",
        "@esbuild/freebsd-x64": "0.18.4",
        "@esbuild/linux-arm": "0.18.4",
        "@esbuild/linux-arm64": "0.18.4",
        "@esbuild/linux-ia32": "0.18.4",
        "@esbuild/linux-loong64": "0.18.4",
        "@esbuild/linux-mips64el": "0.18.4",
        "@esbuild/linux-ppc64": "0.18.4",
        "@esbuild/linux-riscv64": "0.18.4",
        "@esbuild/linux-s390x": "0.18.4",
        "@esbuild/linux-x64": "0.18.4",
        "@esbuild/netbsd-x64": "0.18.4",
        "@esbuild/openbsd-x64": "0.18.4",
        "@esbuild/sunos-x64": "0.18.4",
        "@esbuild/win32-arm64": "0.18.4",
        "@esbuild/win32-ia32": "0.18.4",
        "@esbuild/win32-x64": "0.18.4"
      }
    },
    "escodegen": {
      "version": "2.0.0",
      "resolved": "https://registry.npmjs.org/escodegen/-/escodegen-2.0.0.tgz",
      "integrity": "sha512-mmHKys/C8BFUGI+MAWNcSYoORYLMdPzjrknd2Vc+bUsjN5bXcr8EhrNB+UTqfL1y3I9c4fw2ihgtMPQLBRiQxw==",
      "requires": {
        "esprima": "^4.0.1",
        "estraverse": "^5.2.0",
        "esutils": "^2.0.2",
        "optionator": "^0.8.1",
        "source-map": "~0.6.1"
      }
    },
    "esprima": {
      "version": "4.0.1",
      "resolved": "https://registry.npmjs.org/esprima/-/esprima-4.0.1.tgz",
      "integrity": "sha512-eGuFFw7Upda+g4p+QHvnW0RyTX/SVeJBDM/gCtMARO0cLuT2HcEKnTPvhjV6aGeqrCB/sbNop0Kszm0jsaWU4A=="
    },
    "estraverse": {
      "version": "5.2.0",
      "resolved": "https://registry.npmjs.org/estraverse/-/estraverse-5.2.0.tgz",
      "integrity": "sha512-BxbNGGNm0RyRYvUdHpIwv9IWzeM9XClbOxwoATuFdOE7ZE6wHL+HQ5T8hoPM+zHvmKzzsEqhgy0GrQ5X13afiQ=="
    },
    "esutils": {
      "version": "2.0.3",
      "resolved": "https://registry.npmjs.org/esutils/-/esutils-2.0.3.tgz",
      "integrity": "sha512-kVscqXk4OCp68SZ0dkgEKVi6/8ij300KBWTJq32P/dYeWTSwK41WyTxalN1eRmA5Z9UU/LX9D7FWSmV9SAYx6g=="
    },
    "fast-levenshtein": {
      "version": "2.0.6",
      "resolved": "https://registry.npmjs.org/fast-levenshtein/-/fast-levenshtein-2.0.6.tgz",
      "integrity": "sha1-PYpcZog6FqMMqGQ+hR8Zuqd5eRc="
    },
    "gas-entry-generator": {
      "version": "2.1.0",
      "resolved": "https://registry.npmjs.org/gas-entry-generator/-/gas-entry-generator-2.1.0.tgz",
      "integrity": "sha512-IjbVuMjXlRP1zIJJGgSyOb5SjlVxnAdtLDp+aCdXNuZBg7OuD10WVtkJSCcf33VXcPe4AqWb8z+ucsXZMClsAA==",
      "requires": {
        "escodegen": "2.0.0",
        "esprima": "4.0.1",
        "estraverse": "5.2.0"
      }
    },
    "levn": {
      "version": "0.3.0",
      "resolved": "https://registry.npmjs.org/levn/-/levn-0.3.0.tgz",
      "integrity": "sha1-OwmSTt+fCDwEkP3UwLxEIeBHZO4=",
      "requires": {
        "prelude-ls": "~1.1.2",
        "type-check": "~0.3.2"
      }
    },
    "optionator": {
      "version": "0.8.3",
      "resolved": "https://registry.npmjs.org/optionator/-/optionator-0.8.3.tgz",
      "integrity": "sha512-+IW9pACdk3XWmmTXG8m3upGUJst5XRGzxMRjXzAuJ1XnIFNvfhjjIuYkDvysnPQ7qzqVzLt78BCruntqRhWQbA==",
      "requires": {
        "deep-is": "~0.1.3",
        "fast-levenshtein": "~2.0.6",
        "levn": "~0.3.0",
        "prelude-ls": "~1.1.2",
        "type-check": "~0.3.2",
        "word-wrap": "~1.2.3"
      }
    },
    "prelude-ls": {
      "version": "1.1.2",
      "resolved": "https://registry.npmjs.org/prelude-ls/-/prelude-ls-1.1.2.tgz",
      "integrity": "sha1-IZMqVJ9eUv/ZqCf1cOBL5iqX2lQ="
    },
    "source-map": {
      "version": "0.6.1",
      "resolved": "https://registry.npmjs.org/source-map/-/source-map-0.6.1.tgz",
      "integrity": "sha512-UjgapumWlbMhkBgzT7Ykc5YXUT46F0iKu8SGXq0bcwP5dz/h0Plj6enJqjz1Zbq2l5WaqYnrVbwWOWMyF3F47g==",
      "optional": true
    },
    "type-check": {
      "version": "0.3.2",
      "resolved": "https://registry.npmjs.org/type-check/-/type-check-0.3.2.tgz",
      "integrity": "sha1-WITKtRLPHTVeP7eE8wgEsrUg23I=",
      "requires": {
        "prelude-ls": "~1.1.2"
      }
    },
    "typescript": {
      "version": "4.3.5",
      "resolved": "https://registry.npmjs.org/typescript/-/typescript-4.3.5.tgz",
      "integrity": "sha512-DqQgihaQ9cUrskJo9kIyW/+g0Vxsk8cDtZ52a3NGh0YNTfpUSArXSohyUGnvbPazEPLu398C0UxmKSOrPumUzA==",
      "dev": true
    },
    "word-wrap": {
      "version": "1.2.3",
      "resolved": "https://registry.npmjs.org/word-wrap/-/word-wrap-1.2.3.tgz",
      "integrity": "sha512-Hz/mrNwitNRh/HUAtM/VT/5VH+ygD6DV7mYKZAtHOrbs8U7lvPS6xf7EJKMF0uW1KJCl0H701g3ZGus+muE5vQ=="
    }
  }
}
